
Microsoft Visual Studio Solution File, Format Version 12.00
# Visual Studio Version 17
VisualStudioVersion = 17.14.36414.22
MinimumVisualStudioVersion = 10.0.40219.1
Project("{FAE04EC0-301F-11D3-BF4B-00C04F79EFBC}") = "FitRank.api", "FitRank.api\FitRank.api.csproj", "{501F6886-9986-4050-A856-69B4AB811380}"
EndProject
Project("{FAE04EC0-301F-11D3-BF4B-00C04F79EFBC}") = "FitRank.Core", "FitRank.Core\FitRank.Core.csproj", "{89A07CAC-62C8-4BED-8CAB-CDD2277E5E56}"
EndProject
Project("{FAE04EC0-301F-11D3-BF4B-00C04F79EFBC}") = "FitRank.Application", "FitRank.Application\FitRank.Application.csproj", "{E1CEFCEB-7BAA-4DB2-8AB7-4BCA0A4214F0}"
EndProject
Project("{FAE04EC0-301F-11D3-BF4B-00C04F79EFBC}") = "FitRank.Infrastructure", "FitRank.Infrastructure\FitRank.Infrastructure.csproj", "{121B4C86-EB20-4064-9B2E-C8DD26C993A8}"
EndProject
Project("{FAE04EC0-301F-11D3-BF4B-00C04F79EFBC}") = "FitRank.Tests", "FitRank.Tests\FitRank.Tests.csproj", "{E15B1E4A-793F-4BCF-80AC-E0F6D00C13CC}"
EndProject
Global
	GlobalSection(SolutionConfigurationPlatforms) = preSolution
		Debug|Any CPU = Debug|Any CPU
		Release|Any CPU = Release|Any CPU
	EndGlobalSection
	GlobalSection(ProjectConfigurationPlatforms) = postSolution
		{501F6886-9986-4050-A856-69B4AB811380}.Debug|Any CPU.ActiveCfg = Debug|Any CPU
		{501F6886-9986-4050-A856-69B4AB811380}.Debug|Any CPU.Build.0 = Debug|Any CPU
		{501F6886-9986-4050-A856-69B4AB811380}.Release|Any CPU.ActiveCfg = Release|Any CPU
		{501F6886-9986-4050-A856-69B4AB811380}.Release|Any CPU.Build.0 = Release|Any CPU
		{89A07CAC-62C8-4BED-8CAB-CDD2277E5E56}.Debug|Any CPU.ActiveCfg = Debug|Any CPU
		{89A07CAC-62C8-4BED-8CAB-CDD2277E5E56}.Debug|Any CPU.Build.0 = Debug|Any CPU
		{89A07CAC-62C8-4BED-8CAB-CDD2277E5E56}.Release|Any CPU.ActiveCfg = Release|Any CPU
		{89A07CAC-62C8-4BED-8CAB-CDD2277E5E56}.Release|Any CPU.Build.0 = Release|Any CPU
		{E1CEFCEB-7BAA-4DB2-8AB7-4BCA0A4214F0}.Debug|Any CPU.ActiveCfg = Debug|Any CPU
		{E1CEFCEB-7BAA-4DB2-8AB7-4BCA0A4214F0}.Debug|Any CPU.Build.0 = Debug|Any CPU
		{E1CEFCEB-7BAA-4DB2-8AB7-4BCA0A4214F0}.Release|Any CPU.ActiveCfg = Release|Any CPU
		{E1CEFCEB-7BAA-4DB2-8AB7-4BCA0A4214F0}.Release|Any CPU.Build.0 = Release|Any CPU
		{121B4C86-EB20-4064-9B2E-C8DD26C993A8}.Debug|Any CPU.ActiveCfg = Debug|Any CPU
		{121B4C86-EB20-4064-9B2E-C8DD26C993A8}.Debug|Any CPU.Build.0 = Debug|Any CPU
		{121B4C86-EB20-4064-9B2E-C8DD26C993A8}.Release|Any CPU.ActiveCfg = Release|Any CPU
		{121B4C86-EB20-4064-9B2E-C8DD26C993A8}.Release|Any CPU.Build.0 = Release|Any CPU
		{E15B1E4A-793F-4BCF-80AC-E0F6D00C13CC}.Debug|Any CPU.ActiveCfg = Debug|Any CPU
		{E15B1E4A-793F-4BCF-80AC-E0F6D00C13CC}.Debug|Any CPU.Build.0 = Debug|Any CPU
		{E15B1E4A-793F-4BCF-80AC-E0F6D00C13CC}.Release|Any CPU.ActiveCfg = Release|Any CPU
		{E15B1E4A-793F-4BCF-80AC-E0F6D00C13CC}.Release|Any CPU.Build.0 = Release|Any CPU
	EndGlobalSection
	GlobalSection(SolutionProperties) = preSolution
		HideSolutionNode = FALSE
	EndGlobalSection
	GlobalSection(ExtensibilityGlobals) = postSolution
		SolutionGuid = {7010583A-7B42-494A-B80C-28C778825059}
	EndGlobalSection
EndGlobal
